
Microsoft Visual Studio Solution File, Format Version 12.00
# Visual Studio 15
VisualStudioVersion = 15.0.28307.136
MinimumVisualStudioVersion = 10.0.40219.1
Project("{FAE04EC0-301F-11D3-BF4B-00C04F79EFBC}") = "Rpg_Kys", "Rpg_Kys\Rpg_Kys.csproj", "{9FFCDDC9-F593-408A-802B-EE6AB013C1D1}"
EndProject
Global
	GlobalSection(SolutionConfigurationPlatforms) = preSolution
		Debug|Any CPU = Debug|Any CPU
		Release|Any CPU = Release|Any CPU
	EndGlobalSection
	GlobalSection(ProjectConfigurationPlatforms) = postSolution
		{9FFCDDC9-F593-408A-802B-EE6AB013C1D1}.Debug|Any CPU.ActiveCfg = Debug|Any CPU
		{9FFCDDC9-F593-408A-802B-EE6AB013C1D1}.Debug|Any CPU.Build.0 = Debug|Any CPU
		{9FFCDDC9-F593-408A-802B-EE6AB013C1D1}.Release|Any CPU.ActiveCfg = Release|Any CPU
		{9FFCDDC9-F593-408A-802B-EE6AB013C1D1}.Release|Any CPU.Build.0 = Release|Any CPU
	EndGlobalSection
	GlobalSection(SolutionProperties) = preSolution
		HideSolutionNode = FALSE
	EndGlobalSection
	GlobalSection(ExtensibilityGlobals) = postSolution
		SolutionGuid = {8BE5E2F0-3ED2-4B79-9B76-274C98E56CEA}
	EndGlobalSection
EndGlobal
